
Microsoft Visual Studio Solution File, Format Version 11.00
# Visual Studio 2010
Project("{FAE04EC0-301F-11D3-BF4B-00C04F79EFBC}") = "DelegateMock", "DelegateMock\DelegateMock.csproj", "{63BECD72-BCA5-48FD-BAE4-EB989D8810A9}"
	ProjectSection(ProjectDependencies) = postProject
		{AC262157-471A-497E-A382-E132CEB23D92} = {AC262157-471A-497E-A382-E132CEB23D92}
	EndProjectSection
EndProject
Project("{FAE04EC0-301F-11D3-BF4B-00C04F79EFBC}") = "DelegateMockTests", "DelegateMockTests\DelegateMockTests.csproj", "{276102F3-2359-404F-B94A-89ED56984307}"
EndProject
Project("{FAE04EC0-301F-11D3-BF4B-00C04F79EFBC}") = "TemplateHelpers", "TemplateHelpers\TemplateHelpers.csproj", "{AC262157-471A-497E-A382-E132CEB23D92}"
EndProject
Global
	GlobalSection(SolutionConfigurationPlatforms) = preSolution
		Debug|Any CPU = Debug|Any CPU
		Release|Any CPU = Release|Any CPU
	EndGlobalSection
	GlobalSection(ProjectConfigurationPlatforms) = postSolution
		{63BECD72-BCA5-48FD-BAE4-EB989D8810A9}.Debug|Any CPU.ActiveCfg = Debug|Any CPU
		{63BECD72-BCA5-48FD-BAE4-EB989D8810A9}.Debug|Any CPU.Build.0 = Debug|Any CPU
		{63BECD72-BCA5-48FD-BAE4-EB989D8810A9}.Release|Any CPU.ActiveCfg = Release|Any CPU
		{63BECD72-BCA5-48FD-BAE4-EB989D8810A9}.Release|Any CPU.Build.0 = Release|Any CPU
		{276102F3-2359-404F-B94A-89ED56984307}.Debug|Any CPU.ActiveCfg = Debug|Any CPU
		{276102F3-2359-404F-B94A-89ED56984307}.Debug|Any CPU.Build.0 = Debug|Any CPU
		{276102F3-2359-404F-B94A-89ED56984307}.Release|Any CPU.ActiveCfg = Release|Any CPU
		{276102F3-2359-404F-B94A-89ED56984307}.Release|Any CPU.Build.0 = Release|Any CPU
		{AC262157-471A-497E-A382-E132CEB23D92}.Debug|Any CPU.ActiveCfg = Debug|Any CPU
		{AC262157-471A-497E-A382-E132CEB23D92}.Debug|Any CPU.Build.0 = Debug|Any CPU
		{AC262157-471A-497E-A382-E132CEB23D92}.Release|Any CPU.ActiveCfg = Release|Any CPU
		{AC262157-471A-497E-A382-E132CEB23D92}.Release|Any CPU.Build.0 = Release|Any CPU
	EndGlobalSection
	GlobalSection(SolutionProperties) = preSolution
		HideSolutionNode = FALSE
	EndGlobalSection
EndGlobal
